// !$*UTF8*$!
{
	archiveVersion = 1;
	classes = {
	};
	objectVersion = 77;
	objects = {

/* Begin PBXBuildFile section */
		6A2555B02F68703D00B53A72 /* ClerkKit in Frameworks */ = {isa = PBXBuildFile; productRef = AA0000012F700000000CLERK /* ClerkKit */; };
		6A2555B12F68703D00B53A72 /* ClerkKitUI in Frameworks */ = {isa = PBXBuildFile; productRef = AA0000022F700000000CLERK /* ClerkKitUI */; };
/* End PBXBuildFile section */

/* Begin PBXContainerItemProxy section */
		6A25552E2F683AD800B53A72 /* PBXContainerItemProxy */ = {
			isa = PBXContainerItemProxy;
			containerPortal = 6A2555112F683AD500B53A72 /* Project object */;
			proxyType = 1;
			remoteGlobalIDString = 6A2555182F683AD500B53A72;
			remoteInfo = CoachFit;
		};
		6A2555382F683AD800B53A72 /* PBXContainerItemProxy */ = {
			isa = PBXContainerItemProxy;
			containerPortal = 6A2555112F683AD500B53A72 /* Project object */;
			proxyType = 1;
			remoteGlobalIDString = 6A2555182F683AD500B53A72;
			remoteInfo = CoachFit;
		};
/* End PBXContainerItemProxy section */

/* Begin PBXFileReference section */
		6A2555192F683AD500B53A72 /* CoachFit.app */ = {isa = PBXFileReference; explicitFileType = wrapper.application; includeInIndex = 0; path = CoachFit.app; sourceTree = BUILT_PRODUCTS_DIR; };
		6A25552D2F683AD800B53A72 /* CoachFitTests.xctest */ = {isa = PBXFileReference; explicitFileType = wrapper.cfbundle; includeInIndex = 0; path = CoachFitTests.xctest; sourceTree = BUILT_PRODUCTS_DIR; };
		6A2555372F683AD800B53A72 /* CoachFitUITests.xctest */ = {isa = PBXFileReference; explicitFileType = wrapper.cfbundle; includeInIndex = 0; path = CoachFitUITests.xctest; sourceTree = BUILT_PRODUCTS_DIR; };
/* End PBXFileReference section */

/* Begin PBXFileSystemSynchronizedBuildFileExceptionSet section */
		6A25553F2F683AD800B53A72 /* Exceptions for "CoachFit" folder in "CoachFit" target */ = {
			isa = PBXFileSystemSynchronizedBuildFileExceptionSet;
			membershipExceptions = (
				Info.plist,
			);
			target = 6A2555182F683AD500B53A72 /* CoachFit */;
		};
/* End PBXFileSystemSynchronizedBuildFileExceptionSet section */

/* Begin PBXFileSystemSynchronizedRootGroup section */
		6A25551B2F683AD500B53A72 /* CoachFit */ = {
			isa = PBXFileSystemSynchronizedRootGroup;
			exceptions = (
				6A25553F2F683AD800B53A72 /* Exceptions for "CoachFit" folder in "CoachFit" target */,
			);
			path = CoachFit;
			sourceTree = "<group>";
		};
		6A2555302F683AD800B53A72 /* CoachFitTests */ = {
			isa = PBXFileSystemSynchronizedRootGroup;
			path = CoachFitTests;
			sourceTree = "<group>";
		};
		6A25553A2F683AD800B53A72 /* CoachFitUITests */ = {
			isa = PBXFileSystemSynchronizedRootGroup;
			path = CoachFitUITests;
			sourceTree = "<group>";
		};
/* End PBXFileSystemSynchronizedRootGroup section */

/* Begin PBXFrameworksBuildPhase section */
		6A2555162F683AD500B53A72 /* Frameworks */ = {
			isa = PBXFrameworksBuildPhase;
			buildActionMask = 2147483647;
			files = (
				6A2555B12F68703D00B53A72 /* ClerkKitUI in Frameworks */,
				6A2555B02F68703D00B53A72 /* ClerkKit in Frameworks */,
			);
			runOnlyForDeploymentPostprocessing = 0;
		};
		6A25552A2F683AD800B53A72 /* Frameworks */ = {
			isa = PBXFrameworksBuildPhase;
			buildActionMask = 2147483647;
			files = (
			);
			runOnlyForDeploymentPostprocessing = 0;
		};
		6A2555342F683AD800B53A72 /* Frameworks */ = {
			isa = PBXFrameworksBuildPhase;
			buildActionMask = 2147483647;
			files = (
			);
			runOnlyForDeploymentPostprocessing = 0;
		};
/* End PBXFrameworksBuildPhase section */

/* Begin PBXGroup section */
		6A2555102F683AD500B53A72 = {
			isa = PBXGroup;
			children = (
				6A25551B2F683AD500B53A72 /* CoachFit */,
				6A2555302F683AD800B53A72 /* CoachFitTests */,
				6A25553A2F683AD800B53A72 /* CoachFitUITests */,
				6A25551A2F683AD500B53A72 /* Products */,
			);
			sourceTree = "<group>";
		};
		6A25551A2F683AD500B53A72 /* Products */ = {
			isa = PBXGroup;
			children = (
				6A2555192F683AD500B53A72 /* CoachFit.app */,
				6A25552D2F683AD800B53A72 /* CoachFitTests.xctest */,
				6A2555372F683AD800B53A72 /* CoachFitUITests.xctest */,
			);
			name = Products;
			sourceTree = "<group>";
		};
/* End PBXGroup section */

/* Begin PBXNativeTarget section */
		6A2555182F683AD500B53A72 /* CoachFit */ = {
			isa = PBXNativeTarget;
			buildConfigurationList = 6A2555402F683AD800B53A72 /* Build configuration list for PBXNativeTarget "CoachFit" */;
			buildPhases = (
				6A2555152F683AD500B53A72 /* Sources */,
				6A2555162F683AD500B53A72 /* Frameworks */,
				6A2555172F683AD500B53A72 /* Resources */,
			);
			buildRules = (
			);
			dependencies = (
			);
			fileSystemSynchronizedGroups = (
				6A25551B2F683AD500B53A72 /* CoachFit */,
			);
			name = CoachFit;
			packageProductDependencies = (
				AA0000012F700000000CLERK /* ClerkKit */,
				AA0000022F700000000CLERK /* ClerkKitUI */,
			);
			productName = CoachFit;
			productReference = 6A2555192F683AD500B53A72 /* CoachFit.app */;
			productType = "com.apple.product-type.application";
		};
		6A25552C2F683AD800B53A72 /* CoachFitTests */ = {
			isa = PBXNativeTarget;
			buildConfigurationList = 6A2555452F683AD800B53A72 /* Build configuration list for PBXNativeTarget "CoachFitTests" */;
			buildPhases = (
				6A2555292F683AD800B53A72 /* Sources */,
				6A25552A2F683AD800B53A72 /* Frameworks */,
				6A25552B2F683AD800B53A72 /* Resources */,
			);
			buildRules = (
			);
			dependencies = (
				6A25552F2F683AD800B53A72 /* PBXTargetDependency */,
			);
			fileSystemSynchronizedGroups = (
				6A2555302F683AD800B53A72 /* CoachFitTests */,
			);
			name = CoachFitTests;
			packageProductDependencies = (
			);
			productName = CoachFitTests;
			productReference = 6A25552D2F683AD800B53A72 /* CoachFitTests.xctest */;
			productType = "com.apple.product-type.bundle.unit-test";
		};
		6A2555362F683AD800B53A72 /* CoachFitUITests */ = {
			isa = PBXNativeTarget;
			buildConfigurationList = 6A2555482F683AD800B53A72 /* Build configuration list for PBXNativeTarget "CoachFitUITests" */;
			buildPhases = (
				6A2555332F683AD800B53A72 /* Sources */,
				6A2555342F683AD800B53A72 /* Frameworks */,
				6A2555352F683AD800B53A72 /* Resources */,
			);
			buildRules = (
			);
			dependencies = (
				6A2555392F683AD800B53A72 /* PBXTargetDependency */,
			);
			fileSystemSynchronizedGroups = (
				6A25553A2F683AD800B53A72 /* CoachFitUITests */,
			);
			name = CoachFitUITests;
			packageProductDependencies = (
			);
			productName = CoachFitUITests;
			productReference = 6A2555372F683AD800B53A72 /* CoachFitUITests.xctest */;
			productType = "com.apple.product-type.bundle.ui-testing";
		};
/* End PBXNativeTarget section */

/* Begin PBXProject section */
		6A2555112F683AD500B53A72 /* Project object */ = {
			isa = PBXProject;
			attributes = {
				BuildIndependentTargetsInParallel = 1;
				LastSwiftUpdateCheck = 2630;
				LastUpgradeCheck = 2630;
				TargetAttributes = {
					6A2555182F683AD500B53A72 = {
						CreatedOnToolsVersion = 26.3;
					};
					6A25552C2F683AD800B53A72 = {
						CreatedOnToolsVersion = 26.3;
						TestTargetID = 6A2555182F683AD500B53A72;
					};
					6A2555362F683AD800B53A72 = {
						CreatedOnToolsVersion = 26.3;
						TestTargetID = 6A2555182F683AD500B53A72;
					};
				};
			};
			buildConfigurationList = 6A2555142F683AD500B53A72 /* Build configuration list for PBXProject "CoachFit" */;
			developmentRegion = en;
			hasScannedForEncodings = 0;
			knownRegions = (
				en,
				Base,
			);
			mainGroup = 6A2555102F683AD500B53A72;
			minimizedProjectReferenceProxies = 1;
			packageReferences = (
				AA0000032F700000000CLERK /* XCRemoteSwiftPackageReference "clerk-ios" */,
			);
			preferredProjectObjectVersion = 77;
			productRefGroup = 6A25551A2F683AD500B53A72 /* Products */;
			projectDirPath = "";
			projectRoot = "";
			targets = (
				6A2555182F683AD500B53A72 /* CoachFit */,
				6A25552C2F683AD800B53A72 /* CoachFitTests */,
				6A2555362F683AD800B53A72 /* CoachFitUITests */,
			);
		};
/* End PBXProject section */

/* Begin PBXResourcesBuildPhase section */
		6A2555172F683AD500B53A72 /* Resources */ = {
			isa = PBXResourcesBuildPhase;
			buildActionMask = 2147483647;
			files = (
			);
			runOnlyForDeploymentPostprocessing = 0;
		};
		6A25552B2F683AD800B53A72 /* Resources */ = {
			isa = PBXResourcesBuildPhase;
			buildActionMask = 2147483647;
			files = (
			);
			runOnlyForDeploymentPostprocessing = 0;
		};
		6A2555352F683AD800B53A72 /* Resources */ = {
			isa = PBXResourcesBuildPhase;
			buildActionMask = 2147483647;
			files = (
			);
			runOnlyForDeploymentPostprocessing = 0;
		};
/* End PBXResourcesBuildPhase section */

/* Begin PBXSourcesBuildPhase section */
		6A2555152F683AD500B53A72 /* Sources */ = {
			isa = PBXSourcesBuildPhase;
			buildActionMask = 2147483647;
			files = (
			);
			runOnlyForDeploymentPostprocessing = 0;
		};
		6A2555292F683AD800B53A72 /* Sources */ = {
			isa = PBXSourcesBuildPhase;
			buildActionMask = 2147483647;
			files = (
			);
			runOnlyForDeploymentPostprocessing = 0;
		};
		6A2555332F683AD800B53A72 /* Sources */ = {
			isa = PBXSourcesBuildPhase;
			buildActionMask = 2147483647;
			files = (
			);
			runOnlyForDeploymentPostprocessing = 0;
		};
/* End PBXSourcesBuildPhase section */

/* Begin PBXTargetDependency section */
		6A25552F2F683AD800B53A72 /* PBXTargetDependency */ = {
			isa = PBXTargetDependency;
			target = 6A2555182F683AD500B53A72 /* CoachFit */;
			targetProxy = 6A25552E2F683AD800B53A72 /* PBXContainerItemProxy */;
		};
		6A2555392F683AD800B53A72 /* PBXTargetDependency */ = {
			isa = PBXTargetDependency;
			target = 6A2555182F683AD500B53A72 /* CoachFit */;
			targetProxy = 6A2555382F683AD800B53A72 /* PBXContainerItemProxy */;
		};
/* End PBXTargetDependency section */

/* Begin XCBuildConfiguration section */
		6A2555412F683AD800B53A72 /* Debug */ = {
			isa = XCBuildConfiguration;
			buildSettings = {
				ASSETCATALOG_COMPILER_APPICON_NAME = AppIcon;
				ASSETCATALOG_COMPILER_GLOBAL_ACCENT_COLOR_NAME = AccentColor;
				CODE_SIGN_ENTITLEMENTS = CoachFit/CoachFit.entitlements;
				CODE_SIGN_STYLE = Automatic;
				CURRENT_PROJECT_VERSION = 1;
				DEVELOPMENT_TEAM = NZ87XY99SR;
				ENABLE_PREVIEWS = YES;
				GENERATE_INFOPLIST_FILE = YES;
				INFOPLIST_FILE = CoachFit/Info.plist;
				INFOPLIST_KEY_UIApplicationSceneManifest_Generation = YES;
				INFOPLIST_KEY_UIApplicationSupportsIndirectInputEvents = YES;
				INFOPLIST_KEY_UILaunchScreen_Generation = YES;
				INFOPLIST_KEY_UISupportedInterfaceOrientations_iPad = "UIInterfaceOrientationPortrait UIInterfaceOrientationPortraitUpsideDown UIInterfaceOrientationLandscapeLeft UIInterfaceOrientationLandscapeRight";
				INFOPLIST_KEY_UISupportedInterfaceOrientations_iPhone = "UIInterfaceOrientationPortrait UIInterfaceOrientationLandscapeLeft UIInterfaceOrientationLandscapeRight";
				LD_RUNPATH_SEARCH_PATHS = (
					"$(inherited)",
					"@executable_path/Frameworks",
				);
				MARKETING_VERSION = 1.0;
				PRODUCT_BUNDLE_IDENTIFIER = com.askadam.CoachFit;
				PRODUCT_NAME = "$(TARGET_NAME)";
				STRING_CATALOG_GENERATE_SYMBOLS = YES;
				SWIFT_APPROACHABLE_CONCURRENCY = YES;
				SWIFT_DEFAULT_ACTOR_ISOLATION = MainActor;
				SWIFT_EMIT_LOC_STRINGS = YES;
				SWIFT_UPCOMING_FEATURE_MEMBER_IMPORT_VISIBILITY = YES;
				SWIFT_VERSION = 5.0;
				TARGETED_DEVICE_FAMILY = "1,2";
			};
			name = Debug;
		};
		6A2555422F683AD800B53A72 /* Release */ = {
			isa = XCBuildConfiguration;
			buildSettings = {
				ASSETCATALOG_COMPILER_APPICON_NAME = AppIcon;
				ASSETCATALOG_COMPILER_GLOBAL_ACCENT_COLOR_NAME = AccentColor;
				CODE_SIGN_ENTITLEMENTS = CoachFit/CoachFit.entitlements;
				CODE_SIGN_STYLE = Automatic;
				CURRENT_PROJECT_VERSION = 1;
				DEVELOPMENT_TEAM = NZ87XY99SR;
				ENABLE_PREVIEWS = YES;
				GENERATE_INFOPLIST_FILE = YES;
				INFOPLIST_FILE = CoachFit/Info.plist;
				INFOPLIST_KEY_UIApplicationSceneManifest_Generation = YES;
				INFOPLIST_KEY_UIApplicationSupportsIndirectInputEvents = YES;
				INFOPLIST_KEY_UILaunchScreen_Generation = YES;
				INFOPLIST_KEY_UISupportedInterfaceOrientations_iPad = "UIInterfaceOrientationPortrait UIInterfaceOrientationPortraitUpsideDown UIInterfaceOrientationLandscapeLeft UIInterfaceOrientationLandscapeRight";
				INFOPLIST_KEY_UISupportedInterfaceOrientations_iPhone = "UIInterfaceOrientationPortrait UIInterfaceOrientationLandscapeLeft UIInterfaceOrientationLandscapeRight";
				LD_RUNPATH_SEARCH_PATHS = (
					"$(inherited)",
					"@executable_path/Frameworks",
				);
				MARKETING_VERSION = 1.0;
				PRODUCT_BUNDLE_IDENTIFIER = com.askadam.CoachFit;
				PRODUCT_NAME = "$(TARGET_NAME)";
				STRING_CATALOG_GENERATE_SYMBOLS = YES;
				SWIFT_APPROACHABLE_CONCURRENCY = YES;
				SWIFT_DEFAULT_ACTOR_ISOLATION = MainActor;
				SWIFT_EMIT_LOC_STRINGS = YES;
				SWIFT_UPCOMING_FEATURE_MEMBER_IMPORT_VISIBILITY = YES;
				SWIFT_VERSION = 5.0;
				TARGETED_DEVICE_FAMILY = "1,2";
			};
			name = Release;
		};
		6A2555432F683AD800B53A72 /* Debug */ = {
			isa = XCBuildConfiguration;
			buildSettings = {
				ALWAYS_SEARCH_USER_PATHS = NO;
				ASSETCATALOG_COMPILER_GENERATE_SWIFT_ASSET_SYMBOL_EXTENSIONS = YES;
				CLANG_ANALYZER_NONNULL = YES;
				CLANG_ANALYZER_NUMBER_OBJECT_CONVERSION = YES_AGGRESSIVE;
				CLANG_CXX_LANGUAGE_STANDARD = "gnu++20";
				CLANG_ENABLE_MODULES = YES;
				CLANG_ENABLE_OBJC_ARC = YES;
				CLANG_ENABLE_OBJC_WEAK = YES;
				CLANG_WARN_BLOCK_CAPTURE_AUTORELEASING = YES;
				CLANG_WARN_BOOL_CONVERSION = YES;
				CLANG_WARN_COMMA = YES;
				CLANG_WARN_CONSTANT_CONVERSION = YES;
				CLANG_WARN_DEPRECATED_OBJC_IMPLEMENTATIONS = YES;
				CLANG_WARN_DIRECT_OBJC_ISA_USAGE = YES_ERROR;
				CLANG_WARN_DOCUMENTATION_COMMENTS = YES;
				CLANG_WARN_EMPTY_BODY = YES;
				CLANG_WARN_ENUM_CONVERSION = YES;
				CLANG_WARN_INFINITE_RECURSION = YES;
				CLANG_WARN_INT_CONVERSION = YES;
				CLANG_WARN_NON_LITERAL_NULL_CONVERSION = YES;
				CLANG_WARN_OBJC_IMPLICIT_RETAIN_SELF = YES;
				CLANG_WARN_OBJC_LITERAL_CONVERSION = YES;
				CLANG_WARN_OBJC_ROOT_CLASS = YES_ERROR;
				CLANG_WARN_QUOTED_INCLUDE_IN_FRAMEWORK_HEADER = YES;
				CLANG_WARN_RANGE_LOOP_ANALYSIS = YES;
				CLANG_WARN_STRICT_PROTOTYPES = YES;
				CLANG_WARN_SUSPICIOUS_MOVE = YES;
				CLANG_WARN_UNGUARDED_AVAILABILITY = YES_AGGRESSIVE;
				CLANG_WARN_UNREACHABLE_CODE = YES;
				CLANG_WARN__DUPLICATE_METHOD_MATCH = YES;
				COPY_PHASE_STRIP = NO;
				DEBUG_INFORMATION_FORMAT = dwarf;
				DEVELOPMENT_TEAM = NZ87XY99SR;
				ENABLE_STRICT_OBJC_MSGSEND = YES;
				ENABLE_TESTABILITY = YES;
				ENABLE_USER_SCRIPT_SANDBOXING = YES;
				GCC_C_LANGUAGE_STANDARD = gnu17;
				GCC_DYNAMIC_NO_PIC = NO;
				GCC_NO_COMMON_BLOCKS = YES;
				GCC_OPTIMIZATION_LEVEL = 0;
				GCC_PREPROCESSOR_DEFINITIONS = (
					"DEBUG=1",
					"$(inherited)",
				);
				GCC_WARN_64_TO_32_BIT_CONVERSION = YES;
				GCC_WARN_ABOUT_RETURN_TYPE = YES_ERROR;
				GCC_WARN_UNDECLARED_SELECTOR = YES;
				GCC_WARN_UNINITIALIZED_AUTOS = YES_AGGRESSIVE;
				GCC_WARN_UNUSED_FUNCTION = YES;
				GCC_WARN_UNUSED_VARIABLE = YES;
				IPHONEOS_DEPLOYMENT_TARGET = 26.2;
				LOCALIZATION_PREFERS_STRING_CATALOGS = YES;
				MTL_ENABLE_DEBUG_INFO = INCLUDE_SOURCE;
				MTL_FAST_MATH = YES;
				ONLY_ACTIVE_ARCH = YES;
				SDKROOT = iphoneos;
				SWIFT_ACTIVE_COMPILATION_CONDITIONS = "DEBUG $(inherited)";
				SWIFT_OPTIMIZATION_LEVEL = "-Onone";
			};
			name = Debug;
		};
		6A2555442F683AD800B53A72 /* Release */ = {
			isa = XCBuildConfiguration;
			buildSettings = {
				ALWAYS_SEARCH_USER_PATHS = NO;
				ASSETCATALOG_COMPILER_GENERATE_SWIFT_ASSET_SYMBOL_EXTENSIONS = YES;
				CLANG_ANALYZER_NONNULL = YES;
				CLANG_ANALYZER_NUMBER_OBJECT_CONVERSION = YES_AGGRESSIVE;
				CLANG_CXX_LANGUAGE_STANDARD = "gnu++20";
				CLANG_ENABLE_MODULES = YES;
				CLANG_ENABLE_OBJC_ARC = YES;
				CLANG_ENABLE_OBJC_WEAK = YES;
				CLANG_WARN_BLOCK_CAPTURE_AUTORELEASING = YES;
				CLANG_WARN_BOOL_CONVERSION = YES;
				CLANG_WARN_COMMA = YES;
				CLANG_WARN_CONSTANT_CONVERSION = YES;
				CLANG_WARN_DEPRECATED_OBJC_IMPLEMENTATIONS = YES;
				CLANG_WARN_DIRECT_OBJC_ISA_USAGE = YES_ERROR;
				CLANG_WARN_DOCUMENTATION_COMMENTS = YES;
				CLANG_WARN_EMPTY_BODY = YES;
				CLANG_WARN_ENUM_CONVERSION = YES;
				CLANG_WARN_INFINITE_RECURSION = YES;
				CLANG_WARN_INT_CONVERSION = YES;
				CLANG_WARN_NON_LITERAL_NULL_CONVERSION = YES;
				CLANG_WARN_OBJC_IMPLICIT_RETAIN_SELF = YES;
				CLANG_WARN_OBJC_LITERAL_CONVERSION = YES;
				CLANG_WARN_OBJC_ROOT_CLASS = YES_ERROR;
				CLANG_WARN_QUOTED_INCLUDE_IN_FRAMEWORK_HEADER = YES;
				CLANG_WARN_RANGE_LOOP_ANALYSIS = YES;
				CLANG_WARN_STRICT_PROTOTYPES = YES;
				CLANG_WARN_SUSPICIOUS_MOVE = YES;
				CLANG_WARN_UNGUARDED_AVAILABILITY = YES_AGGRESSIVE;
				CLANG_WARN_UNREACHABLE_CODE = YES;
				CLANG_WARN__DUPLICATE_METHOD_MATCH = YES;
				COPY_PHASE_STRIP = NO;
				DEBUG_INFORMATION_FORMAT = "dwarf-with-dsym";
				DEVELOPMENT_TEAM = NZ87XY99SR;
				ENABLE_NS_ASSERTIONS = NO;
				ENABLE_STRICT_OBJC_MSGSEND = YES;
				ENABLE_USER_SCRIPT_SANDBOXING = YES;
				GCC_C_LANGUAGE_STANDARD = gnu17;
				GCC_NO_COMMON_BLOCKS = YES;
				GCC_WARN_64_TO_32_BIT_CONVERSION = YES;
				GCC_WARN_ABOUT_RETURN_TYPE = YES_ERROR;
				GCC_WARN_UNDECLARED_SELECTOR = YES;
				GCC_WARN_UNINITIALIZED_AUTOS = YES_AGGRESSIVE;
				GCC_WARN_UNUSED_FUNCTION = YES;
				GCC_WARN_UNUSED_VARIABLE = YES;
				IPHONEOS_DEPLOYMENT_TARGET = 26.2;
				LOCALIZATION_PREFERS_STRING_CATALOGS = YES;
				MTL_ENABLE_DEBUG_INFO = NO;
				MTL_FAST_MATH = YES;
				SDKROOT = iphoneos;
				SWIFT_COMPILATION_MODE = wholemodule;
				VALIDATE_PRODUCT = YES;
			};
			name = Release;
		};
		6A2555462F683AD800B53A72 /* Debug */ = {
			isa = XCBuildConfiguration;
			buildSettings = {
				BUNDLE_LOADER = "$(TEST_HOST)";
				CODE_SIGN_STYLE = Automatic;
				CURRENT_PROJECT_VERSION = 1;
				DEVELOPMENT_TEAM = NZ87XY99SR;
				GENERATE_INFOPLIST_FILE = YES;
				IPHONEOS_DEPLOYMENT_TARGET = 26.2;
				MARKETING_VERSION = 1.0;
				PRODUCT_BUNDLE_IDENTIFIER = com.askadam.CoachFitTests;
				PRODUCT_NAME = "$(TARGET_NAME)";
				STRING_CATALOG_GENERATE_SYMBOLS = NO;
				SWIFT_APPROACHABLE_CONCURRENCY = YES;
				SWIFT_EMIT_LOC_STRINGS = NO;
				SWIFT_UPCOMING_FEATURE_MEMBER_IMPORT_VISIBILITY = YES;
				SWIFT_VERSION = 5.0;
				TARGETED_DEVICE_FAMILY = "1,2";
				TEST_HOST = "$(BUILT_PRODUCTS_DIR)/CoachFit.app/$(BUNDLE_EXECUTABLE_FOLDER_PATH)/CoachFit";
			};
			name = Debug;
		};
		6A2555472F683AD800B53A72 /* Release */ = {
			isa = XCBuildConfiguration;
			buildSettings = {
				BUNDLE_LOADER = "$(TEST_HOST)";
				CODE_SIGN_STYLE = Automatic;
				CURRENT_PROJECT_VERSION = 1;
				DEVELOPMENT_TEAM = NZ87XY99SR;
				GENERATE_INFOPLIST_FILE = YES;
				IPHONEOS_DEPLOYMENT_TARGET = 26.2;
				MARKETING_VERSION = 1.0;
				PRODUCT_BUNDLE_IDENTIFIER = com.askadam.CoachFitTests;
				PRODUCT_NAME = "$(TARGET_NAME)";
				STRING_CATALOG_GENERATE_SYMBOLS = NO;
				SWIFT_APPROACHABLE_CONCURRENCY = YES;
				SWIFT_EMIT_LOC_STRINGS = NO;
				SWIFT_UPCOMING_FEATURE_MEMBER_IMPORT_VISIBILITY = YES;
				SWIFT_VERSION = 5.0;
				TARGETED_DEVICE_FAMILY = "1,2";
				TEST_HOST = "$(BUILT_PRODUCTS_DIR)/CoachFit.app/$(BUNDLE_EXECUTABLE_FOLDER_PATH)/CoachFit";
			};
			name = Release;
		};
		6A2555492F683AD800B53A72 /* Debug */ = {
			isa = XCBuildConfiguration;
			buildSettings = {
				CODE_SIGN_STYLE = Automatic;
				CURRENT_PROJECT_VERSION = 1;
				DEVELOPMENT_TEAM = NZ87XY99SR;
				GENERATE_INFOPLIST_FILE = YES;
				MARKETING_VERSION = 1.0;
				PRODUCT_BUNDLE_IDENTIFIER = com.askadam.CoachFitUITests;
				PRODUCT_NAME = "$(TARGET_NAME)";
				STRING_CATALOG_GENERATE_SYMBOLS = NO;
				SWIFT_APPROACHABLE_CONCURRENCY = YES;
				SWIFT_EMIT_LOC_STRINGS = NO;
				SWIFT_UPCOMING_FEATURE_MEMBER_IMPORT_VISIBILITY = YES;
				SWIFT_VERSION = 5.0;
				TARGETED_DEVICE_FAMILY = "1,2";
				TEST_TARGET_NAME = CoachFit;
			};
			name = Debug;
		};
		6A25554A2F683AD800B53A72 /* Release */ = {
			isa = XCBuildConfiguration;
			buildSettings = {
				CODE_SIGN_STYLE = Automatic;
				CURRENT_PROJECT_VERSION = 1;
				DEVELOPMENT_TEAM = NZ87XY99SR;
				GENERATE_INFOPLIST_FILE = YES;
				MARKETING_VERSION = 1.0;
				PRODUCT_BUNDLE_IDENTIFIER = com.askadam.CoachFitUITests;
				PRODUCT_NAME = "$(TARGET_NAME)";
				STRING_CATALOG_GENERATE_SYMBOLS = NO;
				SWIFT_APPROACHABLE_CONCURRENCY = YES;
				SWIFT_EMIT_LOC_STRINGS = NO;
				SWIFT_UPCOMING_FEATURE_MEMBER_IMPORT_VISIBILITY = YES;
				SWIFT_VERSION = 5.0;
				TARGETED_DEVICE_FAMILY = "1,2";
				TEST_TARGET_NAME = CoachFit;
			};
			name = Release;
		};
/* End XCBuildConfiguration section */

/* Begin XCConfigurationList section */
		6A2555142F683AD500B53A72 /* Build configuration list for PBXProject "CoachFit" */ = {
			isa = XCConfigurationList;
			buildConfigurations = (
				6A2555432F683AD800B53A72 /* Debug */,
				6A2555442F683AD800B53A72 /* Release */,
			);
			defaultConfigurationIsVisible = 0;
			defaultConfigurationName = Release;
		};
		6A2555402F683AD800B53A72 /* Build configuration list for PBXNativeTarget "CoachFit" */ = {
			isa = XCConfigurationList;
			buildConfigurations = (
				6A2555412F683AD800B53A72 /* Debug */,
				6A2555422F683AD800B53A72 /* Release */,
			);
			defaultConfigurationIsVisible = 0;
			defaultConfigurationName = Release;
		};
		6A2555452F683AD800B53A72 /* Build configuration list for PBXNativeTarget "CoachFitTests" */ = {
			isa = XCConfigurationList;
			buildConfigurations = (
				6A2555462F683AD800B53A72 /* Debug */,
				6A2555472F683AD800B53A72 /* Release */,
			);
			defaultConfigurationIsVisible = 0;
			defaultConfigurationName = Release;
		};
		6A2555482F683AD800B53A72 /* Build configuration list for PBXNativeTarget "CoachFitUITests" */ = {
			isa = XCConfigurationList;
			buildConfigurations = (
				6A2555492F683AD800B53A72 /* Debug */,
				6A25554A2F683AD800B53A72 /* Release */,
			);
			defaultConfigurationIsVisible = 0;
			defaultConfigurationName = Release;
		};
/* End XCConfigurationList section */

/* Begin XCRemoteSwiftPackageReference section */
		AA0000032F700000000CLERK /* XCRemoteSwiftPackageReference "clerk-ios" */ = {
			isa = XCRemoteSwiftPackageReference;
			repositoryURL = "https://github.com/clerk/clerk-ios";
			requirement = {
				kind = upToNextMajorVersion;
				minimumVersion = 1.0.5;
			};
		};
/* End XCRemoteSwiftPackageReference section */

/* Begin XCSwiftPackageProductDependency section */
		AA0000012F700000000CLERK /* ClerkKit */ = {
			isa = XCSwiftPackageProductDependency;
			package = AA0000032F700000000CLERK /* XCRemoteSwiftPackageReference "clerk-ios" */;
			productName = ClerkKit;
		};
		AA0000022F700000000CLERK /* ClerkKitUI */ = {
			isa = XCSwiftPackageProductDependency;
			package = AA0000032F700000000CLERK /* XCRemoteSwiftPackageReference "clerk-ios" */;
			productName = ClerkKitUI;
		};
/* End XCSwiftPackageProductDependency section */
	};
	rootObject = 6A2555112F683AD500B53A72 /* Project object */;
}
