{
  "originHash" : "8da7e8a5b160d325be0cf0f071ae40824dfc6603d1609271fa10733ca5d49f51",
  "pins" : [
    {
      "identity" : "nimble",
      "kind" : "remoteSourceControl",
      "location" : "https://github.com/Quick/Nimble",
      "state" : {
        "revision" : "f8657642dfdec9973efc79cc68bcef43a653a2bc",
        "version" : "8.0.2"
      }
    },
    {
      "identity" : "quick",
      "kind" : "remoteSourceControl",
      "location" : "https://github.com/Quick/Quick",
      "state" : {
        "revision" : "09b3becb37cb2163919a3842a4c5fa6ec7130792",
        "version" : "2.2.1"
      }
    }
  ],
  "version" : 3
}
