{
  "originHash" : "9272f95c16f3d65cf4048e706702c7b5c80bbc960a6668099034ae52d01b5f8a",
  "pins" : [
    {
      "identity" : "health-data-sync",
      "kind" : "remoteSourceControl",
      "location" : "https://github.com/microsoft/health-data-sync",
      "state" : {
        "revision" : "6e0f8d923c551a71e1ce512cc1354453c3de250e",
        "version" : "1.0.0"
      }
    }
  ],
  "version" : 3
}
